// !$*UTF8*$!
{
	archiveVersion = 1;
	classes = {
	};
	objectVersion = 46;
	objects = {

/* Begin PBXBuildFile section */
		300B037517AE6680007FF7EE /* UIKit.framework in Frameworks */ = {isa = PBXBuildFile; fileRef = 300B037417AE6680007FF7EE /* UIKit.framework */; };
		300B037717AE6680007FF7EE /* Foundation.framework in Frameworks */ = {isa = PBXBuildFile; fileRef = 300B037617AE6680007FF7EE /* Foundation.framework */; };
		300B037917AE6680007FF7EE /* CoreGraphics.framework in Frameworks */ = {isa = PBXBuildFile; fileRef = 300B037817AE6680007FF7EE /* CoreGraphics.framework */; };
		300B037F17AE6680007FF7EE /* InfoPlist.strings in Resources */ = {isa = PBXBuildFile; fileRef = 300B037D17AE6680007FF7EE /* InfoPlist.strings */; };
		300B038117AE6680007FF7EE /* main.m in Sources */ = {isa = PBXBuildFile; fileRef = 300B038017AE6680007FF7EE /* main.m */; };
		300B038517AE6680007FF7EE /* AppDelegate.m in Sources */ = {isa = PBXBuildFile; fileRef = 300B038417AE6680007FF7EE /* AppDelegate.m */; };
		300B038717AE6680007FF7EE /* Default.png in Resources */ = {isa = PBXBuildFile; fileRef = 300B038617AE6680007FF7EE /* Default.png */; };
		300B038917AE6680007FF7EE /* Default@2x.png in Resources */ = {isa = PBXBuildFile; fileRef = 300B038817AE6680007FF7EE /* Default@2x.png */; };
		300B038B17AE6680007FF7EE /* Default-568h@2x.png in Resources */ = {isa = PBXBuildFile; fileRef = 300B038A17AE6680007FF7EE /* Default-568h@2x.png */; };
		300B039C17AE66D0007FF7EE /* MainViewController.m in Sources */ = {isa = PBXBuildFile; fileRef = 300B039B17AE66D0007FF7EE /* MainViewController.m */; };
		300B03A317AE675A007FF7EE /* ThumbNailViewController.m in Sources */ = {isa = PBXBuildFile; fileRef = 300B03A217AE675A007FF7EE /* ThumbNailViewController.m */; };
		300B03A617AE679C007FF7EE /* CustomCollectionCell.m in Sources */ = {isa = PBXBuildFile; fileRef = 300B03A517AE679C007FF7EE /* CustomCollectionCell.m */; };
		300B03D317AE67EB007FF7EE /* MapKit.framework in Frameworks */ = {isa = PBXBuildFile; fileRef = 300B03D217AE67EB007FF7EE /* MapKit.framework */; };
		300B03D517AE67F0007FF7EE /* ImageIO.framework in Frameworks */ = {isa = PBXBuildFile; fileRef = 300B03D417AE67F0007FF7EE /* ImageIO.framework */; };
		30229F9217B0A95F00D62060 /* CustomTableCell.m in Sources */ = {isa = PBXBuildFile; fileRef = 30229F9117B0A95F00D62060 /* CustomTableCell.m */; };
		30229F9517B0B2A500D62060 /* Utils.m in Sources */ = {isa = PBXBuildFile; fileRef = 30229F9417B0B2A500D62060 /* Utils.m */; };
		30458BEF17B3D11D005CDBAA /* CellBackgroundMainClick.png in Resources */ = {isa = PBXBuildFile; fileRef = 30458BEE17B3D11D005CDBAA /* CellBackgroundMainClick.png */; };
		30458BF517B3E465005CDBAA /* SystemConfiguration.framework in Frameworks */ = {isa = PBXBuildFile; fileRef = 30458BF417B3E465005CDBAA /* SystemConfiguration.framework */; };
		305A0FB217B8C59900F5CC8D /* FBLogo.png in Resources */ = {isa = PBXBuildFile; fileRef = 305A0FB117B8C59900F5CC8D /* FBLogo.png */; };
		305A0FB417B8DD3E00F5CC8D /* WebsiteButton.png in Resources */ = {isa = PBXBuildFile; fileRef = 305A0FB317B8DD3E00F5CC8D /* WebsiteButton.png */; };
		305A0FB717B9089400F5CC8D /* SelectionViewController.m in Sources */ = {isa = PBXBuildFile; fileRef = 305A0FB617B9089400F5CC8D /* SelectionViewController.m */; };
		30AED4D917B1DC29004AC567 /* CellBackgroundMain.png in Resources */ = {isa = PBXBuildFile; fileRef = 30AED4D517B1DC29004AC567 /* CellBackgroundMain.png */; };
		30AED4DA17B1DC29004AC567 /* CellBackgroundSel.png in Resources */ = {isa = PBXBuildFile; fileRef = 30AED4D617B1DC29004AC567 /* CellBackgroundSel.png */; };
		30AED4DB17B1DC29004AC567 /* CellBackgroundSelClick.png in Resources */ = {isa = PBXBuildFile; fileRef = 30AED4D717B1DC29004AC567 /* CellBackgroundSelClick.png */; };
		30AED4DC17B1DC29004AC567 /* placeholder.png in Resources */ = {isa = PBXBuildFile; fileRef = 30AED4D817B1DC29004AC567 /* placeholder.png */; };
		30AED51E17B230D1004AC567 /* QuartzCore.framework in Frameworks */ = {isa = PBXBuildFile; fileRef = 30AED51D17B230D1004AC567 /* QuartzCore.framework */; };
		30AED52017B23115004AC567 /* MessageUI.framework in Frameworks */ = {isa = PBXBuildFile; fileRef = 30AED51F17B23115004AC567 /* MessageUI.framework */; };
		30B458BB185657D7006987C2 /* SDImageCache.m in Sources */ = {isa = PBXBuildFile; fileRef = 30B458AA185657D7006987C2 /* SDImageCache.m */; };
		30B458BC185657D7006987C2 /* SDWebImageDecoder.m in Sources */ = {isa = PBXBuildFile; fileRef = 30B458AE185657D7006987C2 /* SDWebImageDecoder.m */; };
		30B458BD185657D7006987C2 /* SDWebImageDownloader.m in Sources */ = {isa = PBXBuildFile; fileRef = 30B458B0185657D7006987C2 /* SDWebImageDownloader.m */; };
		30B458BE185657D7006987C2 /* SDWebImageManager.m in Sources */ = {isa = PBXBuildFile; fileRef = 30B458B3185657D7006987C2 /* SDWebImageManager.m */; };
		30B458BF185657D7006987C2 /* SDWebImagePrefetcher.m in Sources */ = {isa = PBXBuildFile; fileRef = 30B458B6185657D7006987C2 /* SDWebImagePrefetcher.m */; };
		30B458C0185657D7006987C2 /* UIButton+WebCache.m in Sources */ = {isa = PBXBuildFile; fileRef = 30B458B8185657D7006987C2 /* UIButton+WebCache.m */; };
		30B458C1185657D7006987C2 /* UIImageView+WebCache.m in Sources */ = {isa = PBXBuildFile; fileRef = 30B458BA185657D7006987C2 /* UIImageView+WebCache.m */; };
		30B458C4185657F6006987C2 /* MBProgressHUD.m in Sources */ = {isa = PBXBuildFile; fileRef = 30B458C3185657F6006987C2 /* MBProgressHUD.m */; };
		30B458D218565806006987C2 /* MWCaptionView.m in Sources */ = {isa = PBXBuildFile; fileRef = 30B458C618565806006987C2 /* MWCaptionView.m */; settings = {COMPILER_FLAGS = "-fno-objc-arc"; }; };
		30B458D318565806006987C2 /* MWPhoto.m in Sources */ = {isa = PBXBuildFile; fileRef = 30B458C818565806006987C2 /* MWPhoto.m */; settings = {COMPILER_FLAGS = "-fno-objc-arc"; }; };
		30B458D418565806006987C2 /* MWPhotoBrowser.m in Sources */ = {isa = PBXBuildFile; fileRef = 30B458CA18565806006987C2 /* MWPhotoBrowser.m */; settings = {COMPILER_FLAGS = "-fno-objc-arc"; }; };
		30B458D518565806006987C2 /* MWTapDetectingImageView.m in Sources */ = {isa = PBXBuildFile; fileRef = 30B458CD18565806006987C2 /* MWTapDetectingImageView.m */; settings = {COMPILER_FLAGS = "-fno-objc-arc"; }; };
		30B458D618565806006987C2 /* MWTapDetectingView.m in Sources */ = {isa = PBXBuildFile; fileRef = 30B458CF18565806006987C2 /* MWTapDetectingView.m */; settings = {COMPILER_FLAGS = "-fno-objc-arc"; }; };
		30B458D718565806006987C2 /* MWZoomingScrollView.m in Sources */ = {isa = PBXBuildFile; fileRef = 30B458D118565806006987C2 /* MWZoomingScrollView.m */; settings = {COMPILER_FLAGS = "-fno-objc-arc"; }; };
		30B458DA1856581A006987C2 /* Reachability.m in Sources */ = {isa = PBXBuildFile; fileRef = 30B458D91856581A006987C2 /* Reachability.m */; };
		30B458DF18565837006987C2 /* FTAnimation+UIView.m in Sources */ = {isa = PBXBuildFile; fileRef = 30B458DB18565837006987C2 /* FTAnimation+UIView.m */; settings = {COMPILER_FLAGS = "-fno-objc-arc"; }; };
		30B458E018565837006987C2 /* FTAnimationManager.m in Sources */ = {isa = PBXBuildFile; fileRef = 30B458DC18565837006987C2 /* FTAnimationManager.m */; settings = {COMPILER_FLAGS = "-fno-objc-arc"; }; };
		30B458E118565837006987C2 /* FTUtils+NSObject.m in Sources */ = {isa = PBXBuildFile; fileRef = 30B458DD18565837006987C2 /* FTUtils+NSObject.m */; settings = {COMPILER_FLAGS = "-fno-objc-arc"; }; };
		30B458E218565837006987C2 /* FTUtils+UIGestureRecognizer.m in Sources */ = {isa = PBXBuildFile; fileRef = 30B458DE18565837006987C2 /* FTUtils+UIGestureRecognizer.m */; settings = {COMPILER_FLAGS = "-fno-objc-arc"; }; };
		30C9A1BE17B2DFC500FD34A6 /* MWPhotoBrowser.bundle in Resources */ = {isa = PBXBuildFile; fileRef = 30C9A1AC17B2DFC500FD34A6 /* MWPhotoBrowser.bundle */; };
/* End PBXBuildFile section */

/* Begin PBXFileReference section */
		300B037117AE6680007FF7EE /* AC Photo.app */ = {isa = PBXFileReference; explicitFileType = wrapper.application; includeInIndex = 0; path = "AC Photo.app"; sourceTree = BUILT_PRODUCTS_DIR; };
		300B037417AE6680007FF7EE /* UIKit.framework */ = {isa = PBXFileReference; lastKnownFileType = wrapper.framework; name = UIKit.framework; path = System/Library/Frameworks/UIKit.framework; sourceTree = SDKROOT; };
		300B037617AE6680007FF7EE /* Foundation.framework */ = {isa = PBXFileReference; lastKnownFileType = wrapper.framework; name = Foundation.framework; path = System/Library/Frameworks/Foundation.framework; sourceTree = SDKROOT; };
		300B037817AE6680007FF7EE /* CoreGraphics.framework */ = {isa = PBXFileReference; lastKnownFileType = wrapper.framework; name = CoreGraphics.framework; path = System/Library/Frameworks/CoreGraphics.framework; sourceTree = SDKROOT; };
		300B037C17AE6680007FF7EE /* AC Photo-Info.plist */ = {isa = PBXFileReference; lastKnownFileType = text.plist.xml; path = "AC Photo-Info.plist"; sourceTree = "<group>"; };
		300B037E17AE6680007FF7EE /* en */ = {isa = PBXFileReference; lastKnownFileType = text.plist.strings; name = en; path = en.lproj/InfoPlist.strings; sourceTree = "<group>"; };
		300B038017AE6680007FF7EE /* main.m */ = {isa = PBXFileReference; lastKnownFileType = sourcecode.c.objc; path = main.m; sourceTree = "<group>"; };
		300B038217AE6680007FF7EE /* AC Photo-Prefix.pch */ = {isa = PBXFileReference; lastKnownFileType = sourcecode.c.h; path = "AC Photo-Prefix.pch"; sourceTree = "<group>"; };
		300B038317AE6680007FF7EE /* AppDelegate.h */ = {isa = PBXFileReference; lastKnownFileType = sourcecode.c.h; path = AppDelegate.h; sourceTree = "<group>"; };
		300B038417AE6680007FF7EE /* AppDelegate.m */ = {isa = PBXFileReference; lastKnownFileType = sourcecode.c.objc; path = AppDelegate.m; sourceTree = "<group>"; };
		300B038617AE6680007FF7EE /* Default.png */ = {isa = PBXFileReference; lastKnownFileType = image.png; path = Default.png; sourceTree = "<group>"; };
		300B038817AE6680007FF7EE /* Default@2x.png */ = {isa = PBXFileReference; lastKnownFileType = image.png; path = "Default@2x.png"; sourceTree = "<group>"; };
		300B038A17AE6680007FF7EE /* Default-568h@2x.png */ = {isa = PBXFileReference; lastKnownFileType = image.png; path = "Default-568h@2x.png"; sourceTree = "<group>"; };
		300B039A17AE66D0007FF7EE /* MainViewController.h */ = {isa = PBXFileReference; fileEncoding = 4; lastKnownFileType = sourcecode.c.h; path = MainViewController.h; sourceTree = "<group>"; };
		300B039B17AE66D0007FF7EE /* MainViewController.m */ = {isa = PBXFileReference; fileEncoding = 4; lastKnownFileType = sourcecode.c.objc; path = MainViewController.m; sourceTree = "<group>"; };
		300B03A117AE675A007FF7EE /* ThumbNailViewController.h */ = {isa = PBXFileReference; fileEncoding = 4; lastKnownFileType = sourcecode.c.h; path = ThumbNailViewController.h; sourceTree = "<group>"; };
		300B03A217AE675A007FF7EE /* ThumbNailViewController.m */ = {isa = PBXFileReference; fileEncoding = 4; lastKnownFileType = sourcecode.c.objc; path = ThumbNailViewController.m; sourceTree = "<group>"; };
		300B03A417AE679C007FF7EE /* CustomCollectionCell.h */ = {isa = PBXFileReference; fileEncoding = 4; lastKnownFileType = sourcecode.c.h; path = CustomCollectionCell.h; sourceTree = "<group>"; };
		300B03A517AE679C007FF7EE /* CustomCollectionCell.m */ = {isa = PBXFileReference; fileEncoding = 4; lastKnownFileType = sourcecode.c.objc; path = CustomCollectionCell.m; sourceTree = "<group>"; };
		300B03D217AE67EB007FF7EE /* MapKit.framework */ = {isa = PBXFileReference; lastKnownFileType = wrapper.framework; name = MapKit.framework; path = System/Library/Frameworks/MapKit.framework; sourceTree = SDKROOT; };
		300B03D417AE67F0007FF7EE /* ImageIO.framework */ = {isa = PBXFileReference; lastKnownFileType = wrapper.framework; name = ImageIO.framework; path = System/Library/Frameworks/ImageIO.framework; sourceTree = SDKROOT; };
		30229F9017B0A95F00D62060 /* CustomTableCell.h */ = {isa = PBXFileReference; fileEncoding = 4; lastKnownFileType = sourcecode.c.h; path = CustomTableCell.h; sourceTree = "<group>"; };
		30229F9117B0A95F00D62060 /* CustomTableCell.m */ = {isa = PBXFileReference; fileEncoding = 4; lastKnownFileType = sourcecode.c.objc; path = CustomTableCell.m; sourceTree = "<group>"; };
		30229F9317B0B2A500D62060 /* Utils.h */ = {isa = PBXFileReference; fileEncoding = 4; lastKnownFileType = sourcecode.c.h; path = Utils.h; sourceTree = "<group>"; };
		30229F9417B0B2A500D62060 /* Utils.m */ = {isa = PBXFileReference; fileEncoding = 4; lastKnownFileType = sourcecode.c.objc; path = Utils.m; sourceTree = "<group>"; };
		30458BEE17B3D11D005CDBAA /* CellBackgroundMainClick.png */ = {isa = PBXFileReference; lastKnownFileType = image.png; path = CellBackgroundMainClick.png; sourceTree = "<group>"; };
		30458BF417B3E465005CDBAA /* SystemConfiguration.framework */ = {isa = PBXFileReference; lastKnownFileType = wrapper.framework; name = SystemConfiguration.framework; path = System/Library/Frameworks/SystemConfiguration.framework; sourceTree = SDKROOT; };
		305A0FB117B8C59900F5CC8D /* FBLogo.png */ = {isa = PBXFileReference; lastKnownFileType = image.png; path = FBLogo.png; sourceTree = "<group>"; };
		305A0FB317B8DD3E00F5CC8D /* WebsiteButton.png */ = {isa = PBXFileReference; lastKnownFileType = image.png; path = WebsiteButton.png; sourceTree = "<group>"; };
		305A0FB517B9089400F5CC8D /* SelectionViewController.h */ = {isa = PBXFileReference; fileEncoding = 4; lastKnownFileType = sourcecode.c.h; path = SelectionViewController.h; sourceTree = "<group>"; };
		305A0FB617B9089400F5CC8D /* SelectionViewController.m */ = {isa = PBXFileReference; fileEncoding = 4; lastKnownFileType = sourcecode.c.objc; path = SelectionViewController.m; sourceTree = "<group>"; };
		30AED4D517B1DC29004AC567 /* CellBackgroundMain.png */ = {isa = PBXFileReference; lastKnownFileType = image.png; path = CellBackgroundMain.png; sourceTree = "<group>"; };
		30AED4D617B1DC29004AC567 /* CellBackgroundSel.png */ = {isa = PBXFileReference; lastKnownFileType = image.png; path = CellBackgroundSel.png; sourceTree = "<group>"; };
		30AED4D717B1DC29004AC567 /* CellBackgroundSelClick.png */ = {isa = PBXFileReference; lastKnownFileType = image.png; path = CellBackgroundSelClick.png; sourceTree = "<group>"; };
		30AED4D817B1DC29004AC567 /* placeholder.png */ = {isa = PBXFileReference; lastKnownFileType = image.png; path = placeholder.png; sourceTree = "<group>"; };
		30AED51D17B230D1004AC567 /* QuartzCore.framework */ = {isa = PBXFileReference; lastKnownFileType = wrapper.framework; name = QuartzCore.framework; path = System/Library/Frameworks/QuartzCore.framework; sourceTree = SDKROOT; };
		30AED51F17B23115004AC567 /* MessageUI.framework */ = {isa = PBXFileReference; lastKnownFileType = wrapper.framework; name = MessageUI.framework; path = System/Library/Frameworks/MessageUI.framework; sourceTree = SDKROOT; };
		30B458AA185657D7006987C2 /* SDImageCache.m */ = {isa = PBXFileReference; fileEncoding = 4; lastKnownFileType = sourcecode.c.objc; name = SDImageCache.m; path = Libraries/MWPhotoBrowser/Libraries/SDWebImage/SDImageCache.m; sourceTree = SOURCE_ROOT; };
		30B458AB185657D7006987C2 /* SDImageCacheDelegate.h */ = {isa = PBXFileReference; fileEncoding = 4; lastKnownFileType = sourcecode.c.h; name = SDImageCacheDelegate.h; path = Libraries/MWPhotoBrowser/Libraries/SDWebImage/SDImageCacheDelegate.h; sourceTree = SOURCE_ROOT; };
		30B458AC185657D7006987C2 /* SDWebImageCompat.h */ = {isa = PBXFileReference; fileEncoding = 4; lastKnownFileType = sourcecode.c.h; name = SDWebImageCompat.h; path = Libraries/MWPhotoBrowser/Libraries/SDWebImage/SDWebImageCompat.h; sourceTree = SOURCE_ROOT; };
		30B458AD185657D7006987C2 /* SDWebImageDecoder.h */ = {isa = PBXFileReference; fileEncoding = 4; lastKnownFileType = sourcecode.c.h; name = SDWebImageDecoder.h; path = Libraries/MWPhotoBrowser/Libraries/SDWebImage/SDWebImageDecoder.h; sourceTree = SOURCE_ROOT; };
		30B458AE185657D7006987C2 /* SDWebImageDecoder.m */ = {isa = PBXFileReference; fileEncoding = 4; lastKnownFileType = sourcecode.c.objc; name = SDWebImageDecoder.m; path = Libraries/MWPhotoBrowser/Libraries/SDWebImage/SDWebImageDecoder.m; sourceTree = SOURCE_ROOT; };
		30B458AF185657D7006987C2 /* SDWebImageDownloader.h */ = {isa = PBXFileReference; fileEncoding = 4; lastKnownFileType = sourcecode.c.h; name = SDWebImageDownloader.h; path = Libraries/MWPhotoBrowser/Libraries/SDWebImage/SDWebImageDownloader.h; sourceTree = SOURCE_ROOT; };
		30B458B0185657D7006987C2 /* SDWebImageDownloader.m */ = {isa = PBXFileReference; fileEncoding = 4; lastKnownFileType = sourcecode.c.objc; name = SDWebImageDownloader.m; path = Libraries/MWPhotoBrowser/Libraries/SDWebImage/SDWebImageDownloader.m; sourceTree = SOURCE_ROOT; };
		30B458B1185657D7006987C2 /* SDWebImageDownloaderDelegate.h */ = {isa = PBXFileReference; fileEncoding = 4; lastKnownFileType = sourcecode.c.h; name = SDWebImageDownloaderDelegate.h; path = Libraries/MWPhotoBrowser/Libraries/SDWebImage/SDWebImageDownloaderDelegate.h; sourceTree = SOURCE_ROOT; };
		30B458B2185657D7006987C2 /* SDWebImageManager.h */ = {isa = PBXFileReference; fileEncoding = 4; lastKnownFileType = sourcecode.c.h; name = SDWebImageManager.h; path = Libraries/MWPhotoBrowser/Libraries/SDWebImage/SDWebImageManager.h; sourceTree = SOURCE_ROOT; };
		30B458B3185657D7006987C2 /* SDWebImageManager.m */ = {isa = PBXFileReference; fileEncoding = 4; lastKnownFileType = sourcecode.c.objc; name = SDWebImageManager.m; path = Libraries/MWPhotoBrowser/Libraries/SDWebImage/SDWebImageManager.m; sourceTree = SOURCE_ROOT; };
		30B458B4185657D7006987C2 /* SDWebImageManagerDelegate.h */ = {isa = PBXFileReference; fileEncoding = 4; lastKnownFileType = sourcecode.c.h; name = SDWebImageManagerDelegate.h; path = Libraries/MWPhotoBrowser/Libraries/SDWebImage/SDWebImageManagerDelegate.h; sourceTree = SOURCE_ROOT; };
		30B458B5185657D7006987C2 /* SDWebImagePrefetcher.h */ = {isa = PBXFileReference; fileEncoding = 4; lastKnownFileType = sourcecode.c.h; name = SDWebImagePrefetcher.h; path = Libraries/MWPhotoBrowser/Libraries/SDWebImage/SDWebImagePrefetcher.h; sourceTree = SOURCE_ROOT; };
		30B458B6185657D7006987C2 /* SDWebImagePrefetcher.m */ = {isa = PBXFileReference; fileEncoding = 4; lastKnownFileType = sourcecode.c.objc; name = SDWebImagePrefetcher.m; path = Libraries/MWPhotoBrowser/Libraries/SDWebImage/SDWebImagePrefetcher.m; sourceTree = SOURCE_ROOT; };
		30B458B7185657D7006987C2 /* UIButton+WebCache.h */ = {isa = PBXFileReference; fileEncoding = 4; lastKnownFileType = sourcecode.c.h; name = "UIButton+WebCache.h"; path = "Libraries/MWPhotoBrowser/Libraries/SDWebImage/UIButton+WebCache.h"; sourceTree = SOURCE_ROOT; };
		30B458B8185657D7006987C2 /* UIButton+WebCache.m */ = {isa = PBXFileReference; fileEncoding = 4; lastKnownFileType = sourcecode.c.objc; name = "UIButton+WebCache.m"; path = "Libraries/MWPhotoBrowser/Libraries/SDWebImage/UIButton+WebCache.m"; sourceTree = SOURCE_ROOT; };
		30B458B9185657D7006987C2 /* UIImageView+WebCache.h */ = {isa = PBXFileReference; fileEncoding = 4; lastKnownFileType = sourcecode.c.h; name = "UIImageView+WebCache.h"; path = "Libraries/MWPhotoBrowser/Libraries/SDWebImage/UIImageView+WebCache.h"; sourceTree = SOURCE_ROOT; };
		30B458BA185657D7006987C2 /* UIImageView+WebCache.m */ = {isa = PBXFileReference; fileEncoding = 4; lastKnownFileType = sourcecode.c.objc; name = "UIImageView+WebCache.m"; path = "Libraries/MWPhotoBrowser/Libraries/SDWebImage/UIImageView+WebCache.m"; sourceTree = SOURCE_ROOT; };
		30B458C2185657F6006987C2 /* MBProgressHUD.h */ = {isa = PBXFileReference; fileEncoding = 4; lastKnownFileType = sourcecode.c.h; path = MBProgressHUD.h; sourceTree = "<group>"; };
		30B458C3185657F6006987C2 /* MBProgressHUD.m */ = {isa = PBXFileReference; fileEncoding = 4; lastKnownFileType = sourcecode.c.objc; path = MBProgressHUD.m; sourceTree = "<group>"; };
		30B458C518565806006987C2 /* MWCaptionView.h */ = {isa = PBXFileReference; fileEncoding = 4; lastKnownFileType = sourcecode.c.h; path = MWCaptionView.h; sourceTree = "<group>"; };
		30B458C618565806006987C2 /* MWCaptionView.m */ = {isa = PBXFileReference; fileEncoding = 4; lastKnownFileType = sourcecode.c.objc; path = MWCaptionView.m; sourceTree = "<group>"; };
		30B458C718565806006987C2 /* MWPhoto.h */ = {isa = PBXFileReference; fileEncoding = 4; lastKnownFileType = sourcecode.c.h; path = MWPhoto.h; sourceTree = "<group>"; };
		30B458C818565806006987C2 /* MWPhoto.m */ = {isa = PBXFileReference; fileEncoding = 4; lastKnownFileType = sourcecode.c.objc; path = MWPhoto.m; sourceTree = "<group>"; };
		30B458C918565806006987C2 /* MWPhotoBrowser.h */ = {isa = PBXFileReference; fileEncoding = 4; lastKnownFileType = sourcecode.c.h; path = MWPhotoBrowser.h; sourceTree = "<group>"; };
		30B458CA18565806006987C2 /* MWPhotoBrowser.m */ = {isa = PBXFileReference; fileEncoding = 4; lastKnownFileType = sourcecode.c.objc; path = MWPhotoBrowser.m; sourceTree = "<group>"; };
		30B458CB18565806006987C2 /* MWPhotoProtocol.h */ = {isa = PBXFileReference; fileEncoding = 4; lastKnownFileType = sourcecode.c.h; path = MWPhotoProtocol.h; sourceTree = "<group>"; };
		30B458CC18565806006987C2 /* MWTapDetectingImageView.h */ = {isa = PBXFileReference; fileEncoding = 4; lastKnownFileType = sourcecode.c.h; path = MWTapDetectingImageView.h; sourceTree = "<group>"; };
		30B458CD18565806006987C2 /* MWTapDetectingImageView.m */ = {isa = PBXFileReference; fileEncoding = 4; lastKnownFileType = sourcecode.c.objc; path = MWTapDetectingImageView.m; sourceTree = "<group>"; };
		30B458CE18565806006987C2 /* MWTapDetectingView.h */ = {isa = PBXFileReference; fileEncoding = 4; lastKnownFileType = sourcecode.c.h; path = MWTapDetectingView.h; sourceTree = "<group>"; };
		30B458CF18565806006987C2 /* MWTapDetectingView.m */ = {isa = PBXFileReference; fileEncoding = 4; lastKnownFileType = sourcecode.c.objc; path = MWTapDetectingView.m; sourceTree = "<group>"; };
		30B458D018565806006987C2 /* MWZoomingScrollView.h */ = {isa = PBXFileReference; fileEncoding = 4; lastKnownFileType = sourcecode.c.h; path = MWZoomingScrollView.h; sourceTree = "<group>"; };
		30B458D118565806006987C2 /* MWZoomingScrollView.m */ = {isa = PBXFileReference; fileEncoding = 4; lastKnownFileType = sourcecode.c.objc; path = MWZoomingScrollView.m; sourceTree = "<group>"; };
		30B458D81856581A006987C2 /* Reachability.h */ = {isa = PBXFileReference; fileEncoding = 4; lastKnownFileType = sourcecode.c.h; name = Reachability.h; path = Libraries/Reachability/Reachability.h; sourceTree = SOURCE_ROOT; };
		30B458D91856581A006987C2 /* Reachability.m */ = {isa = PBXFileReference; fileEncoding = 4; lastKnownFileType = sourcecode.c.objc; name = Reachability.m; path = Libraries/Reachability/Reachability.m; sourceTree = SOURCE_ROOT; };
		30B458DB18565837006987C2 /* FTAnimation+UIView.m */ = {isa = PBXFileReference; fileEncoding = 4; lastKnownFileType = sourcecode.c.objc; name = "FTAnimation+UIView.m"; path = "Libraries/FTUtils/Classes/FTAnimation+UIView.m"; sourceTree = SOURCE_ROOT; };
		30B458DC18565837006987C2 /* FTAnimationManager.m */ = {isa = PBXFileReference; fileEncoding = 4; lastKnownFileType = sourcecode.c.objc; name = FTAnimationManager.m; path = Libraries/FTUtils/Classes/FTAnimationManager.m; sourceTree = SOURCE_ROOT; };
		30B458DD18565837006987C2 /* FTUtils+NSObject.m */ = {isa = PBXFileReference; fileEncoding = 4; lastKnownFileType = sourcecode.c.objc; name = "FTUtils+NSObject.m"; path = "Libraries/FTUtils/Classes/FTUtils+NSObject.m"; sourceTree = SOURCE_ROOT; };
		30B458DE18565837006987C2 /* FTUtils+UIGestureRecognizer.m */ = {isa = PBXFileReference; fileEncoding = 4; lastKnownFileType = sourcecode.c.objc; name = "FTUtils+UIGestureRecognizer.m"; path = "Libraries/FTUtils/Classes/FTUtils+UIGestureRecognizer.m"; sourceTree = SOURCE_ROOT; };
		30B458E318565848006987C2 /* FTAnimation.h */ = {isa = PBXFileReference; fileEncoding = 4; lastKnownFileType = sourcecode.c.h; name = FTAnimation.h; path = Libraries/FTUtils/Headers/FTUtils/FTAnimation.h; sourceTree = SOURCE_ROOT; };
		30B458E418565848006987C2 /* FTAnimation+UIView.h */ = {isa = PBXFileReference; fileEncoding = 4; lastKnownFileType = sourcecode.c.h; name = "FTAnimation+UIView.h"; path = "Libraries/FTUtils/Headers/FTUtils/FTAnimation+UIView.h"; sourceTree = SOURCE_ROOT; };
		30B458E518565848006987C2 /* FTAnimationManager.h */ = {isa = PBXFileReference; fileEncoding = 4; lastKnownFileType = sourcecode.c.h; name = FTAnimationManager.h; path = Libraries/FTUtils/Headers/FTUtils/FTAnimationManager.h; sourceTree = SOURCE_ROOT; };
		30B458E618565848006987C2 /* FTUtils.h */ = {isa = PBXFileReference; fileEncoding = 4; lastKnownFileType = sourcecode.c.h; name = FTUtils.h; path = Libraries/FTUtils/Headers/FTUtils/FTUtils.h; sourceTree = SOURCE_ROOT; };
		30B458E718565848006987C2 /* FTUtils+NSObject.h */ = {isa = PBXFileReference; fileEncoding = 4; lastKnownFileType = sourcecode.c.h; name = "FTUtils+NSObject.h"; path = "Libraries/FTUtils/Headers/FTUtils/FTUtils+NSObject.h"; sourceTree = SOURCE_ROOT; };
		30B458E818565848006987C2 /* FTUtils+UIGestureRecognizer.h */ = {isa = PBXFileReference; fileEncoding = 4; lastKnownFileType = sourcecode.c.h; name = "FTUtils+UIGestureRecognizer.h"; path = "Libraries/FTUtils/Headers/FTUtils/FTUtils+UIGestureRecognizer.h"; sourceTree = SOURCE_ROOT; };
		30B458E91856592E006987C2 /* SDImageCache.h */ = {isa = PBXFileReference; fileEncoding = 4; lastKnownFileType = sourcecode.c.h; path = SDImageCache.h; sourceTree = "<group>"; };
		30C9A1AC17B2DFC500FD34A6 /* MWPhotoBrowser.bundle */ = {isa = PBXFileReference; lastKnownFileType = "wrapper.plug-in"; name = MWPhotoBrowser.bundle; path = ../../MWPhotoBrowser/MWPhotoBrowser/MWPhotoBrowser.bundle; sourceTree = "<group>"; };
/* End PBXFileReference section */

/* Begin PBXFrameworksBuildPhase section */
		300B036E17AE6680007FF7EE /* Frameworks */ = {
			isa = PBXFrameworksBuildPhase;
			buildActionMask = 2147483647;
			files = (
				30458BF517B3E465005CDBAA /* SystemConfiguration.framework in Frameworks */,
				30AED52017B23115004AC567 /* MessageUI.framework in Frameworks */,
				30AED51E17B230D1004AC567 /* QuartzCore.framework in Frameworks */,
				300B03D517AE67F0007FF7EE /* ImageIO.framework in Frameworks */,
				300B03D317AE67EB007FF7EE /* MapKit.framework in Frameworks */,
				300B037517AE6680007FF7EE /* UIKit.framework in Frameworks */,
				300B037717AE6680007FF7EE /* Foundation.framework in Frameworks */,
				300B037917AE6680007FF7EE /* CoreGraphics.framework in Frameworks */,
			);
			runOnlyForDeploymentPostprocessing = 0;
		};
/* End PBXFrameworksBuildPhase section */

/* Begin PBXGroup section */
		300B036817AE6680007FF7EE = {
			isa = PBXGroup;
			children = (
				300B037A17AE6680007FF7EE /* AC Photo */,
				300B037317AE6680007FF7EE /* Frameworks */,
				300B037217AE6680007FF7EE /* Products */,
			);
			sourceTree = "<group>";
		};
		300B037217AE6680007FF7EE /* Products */ = {
			isa = PBXGroup;
			children = (
				300B037117AE6680007FF7EE /* AC Photo.app */,
			);
			name = Products;
			sourceTree = "<group>";
		};
		300B037317AE6680007FF7EE /* Frameworks */ = {
			isa = PBXGroup;
			children = (
				30458BF417B3E465005CDBAA /* SystemConfiguration.framework */,
				30C9A1AC17B2DFC500FD34A6 /* MWPhotoBrowser.bundle */,
				30AED51F17B23115004AC567 /* MessageUI.framework */,
				30AED51D17B230D1004AC567 /* QuartzCore.framework */,
				300B03D417AE67F0007FF7EE /* ImageIO.framework */,
				300B03D217AE67EB007FF7EE /* MapKit.framework */,
				300B037417AE6680007FF7EE /* UIKit.framework */,
				300B037617AE6680007FF7EE /* Foundation.framework */,
				300B037817AE6680007FF7EE /* CoreGraphics.framework */,
			);
			name = Frameworks;
			sourceTree = "<group>";
		};
		300B037A17AE6680007FF7EE /* AC Photo */ = {
			isa = PBXGroup;
			children = (
				30AED4DD17B1DC2D004AC567 /* Images */,
				300B03D117AE67D5007FF7EE /* Libraries */,
				300B039D17AE66F4007FF7EE /* ViewControllers */,
				300B037B17AE6680007FF7EE /* Supporting Files */,
				30AED4DE17B1DC41004AC567 /* Custom Subclasses */,
				300B038317AE6680007FF7EE /* AppDelegate.h */,
				300B038417AE6680007FF7EE /* AppDelegate.m */,
			);
			path = "AC Photo";
			sourceTree = "<group>";
		};
		300B037B17AE6680007FF7EE /* Supporting Files */ = {
			isa = PBXGroup;
			children = (
				30229F9317B0B2A500D62060 /* Utils.h */,
				30229F9417B0B2A500D62060 /* Utils.m */,
				300B037C17AE6680007FF7EE /* AC Photo-Info.plist */,
				300B037D17AE6680007FF7EE /* InfoPlist.strings */,
				300B038017AE6680007FF7EE /* main.m */,
				300B038217AE6680007FF7EE /* AC Photo-Prefix.pch */,
			);
			name = "Supporting Files";
			sourceTree = "<group>";
		};
		300B039D17AE66F4007FF7EE /* ViewControllers */ = {
			isa = PBXGroup;
			children = (
				300B039A17AE66D0007FF7EE /* MainViewController.h */,
				300B039B17AE66D0007FF7EE /* MainViewController.m */,
				305A0FB517B9089400F5CC8D /* SelectionViewController.h */,
				305A0FB617B9089400F5CC8D /* SelectionViewController.m */,
				300B03A117AE675A007FF7EE /* ThumbNailViewController.h */,
				300B03A217AE675A007FF7EE /* ThumbNailViewController.m */,
			);
			name = ViewControllers;
			sourceTree = "<group>";
		};
		300B03D117AE67D5007FF7EE /* Libraries */ = {
			isa = PBXGroup;
			children = (
				30EAC7C217B71F9C009496F1 /* FTUtils */,
				30458BF317B3E448005CDBAA /* Reachability */,
				30458BB417B35200005CDBAA /* MWPhotobrowser */,
			);
			name = Libraries;
			sourceTree = "<group>";
		};
		30458BB417B35200005CDBAA /* MWPhotobrowser */ = {
			isa = PBXGroup;
			children = (
				30B458C518565806006987C2 /* MWCaptionView.h */,
				30B458C618565806006987C2 /* MWCaptionView.m */,
				30B458C718565806006987C2 /* MWPhoto.h */,
				30B458C818565806006987C2 /* MWPhoto.m */,
				30B458C918565806006987C2 /* MWPhotoBrowser.h */,
				30B458CA18565806006987C2 /* MWPhotoBrowser.m */,
				30B458CB18565806006987C2 /* MWPhotoProtocol.h */,
				30B458CC18565806006987C2 /* MWTapDetectingImageView.h */,
				30B458CD18565806006987C2 /* MWTapDetectingImageView.m */,
				30B458CE18565806006987C2 /* MWTapDetectingView.h */,
				30B458CF18565806006987C2 /* MWTapDetectingView.m */,
				30B458D018565806006987C2 /* MWZoomingScrollView.h */,
				30B458D118565806006987C2 /* MWZoomingScrollView.m */,
				30458BC317B35200005CDBAA /* MBProgressHUD */,
				30458BC717B35200005CDBAA /* SDWebImage */,
			);
			name = MWPhotobrowser;
			path = ../../../MWPhotoBrowser/MWPhotoBrowser/Classes;
			sourceTree = "<group>";
		};
		30458BC317B35200005CDBAA /* MBProgressHUD */ = {
			isa = PBXGroup;
			children = (
				30B458C2185657F6006987C2 /* MBProgressHUD.h */,
				30B458C3185657F6006987C2 /* MBProgressHUD.m */,
			);
			name = MBProgressHUD;
			path = ../Libraries/MBProgressHUD;
			sourceTree = "<group>";
		};
		30458BC717B35200005CDBAA /* SDWebImage */ = {
			isa = PBXGroup;
			children = (
				30B458E91856592E006987C2 /* SDImageCache.h */,
				30B458AA185657D7006987C2 /* SDImageCache.m */,
				30B458AB185657D7006987C2 /* SDImageCacheDelegate.h */,
				30B458AC185657D7006987C2 /* SDWebImageCompat.h */,
				30B458AD185657D7006987C2 /* SDWebImageDecoder.h */,
				30B458AE185657D7006987C2 /* SDWebImageDecoder.m */,
				30B458AF185657D7006987C2 /* SDWebImageDownloader.h */,
				30B458B0185657D7006987C2 /* SDWebImageDownloader.m */,
				30B458B1185657D7006987C2 /* SDWebImageDownloaderDelegate.h */,
				30B458B2185657D7006987C2 /* SDWebImageManager.h */,
				30B458B3185657D7006987C2 /* SDWebImageManager.m */,
				30B458B4185657D7006987C2 /* SDWebImageManagerDelegate.h */,
				30B458B5185657D7006987C2 /* SDWebImagePrefetcher.h */,
				30B458B6185657D7006987C2 /* SDWebImagePrefetcher.m */,
				30B458B7185657D7006987C2 /* UIButton+WebCache.h */,
				30B458B8185657D7006987C2 /* UIButton+WebCache.m */,
				30B458B9185657D7006987C2 /* UIImageView+WebCache.h */,
				30B458BA185657D7006987C2 /* UIImageView+WebCache.m */,
			);
			name = SDWebImage;
			path = ../Libraries/SDWebImage;
			sourceTree = "<group>";
		};
		30458BF317B3E448005CDBAA /* Reachability */ = {
			isa = PBXGroup;
			children = (
				30B458D81856581A006987C2 /* Reachability.h */,
				30B458D91856581A006987C2 /* Reachability.m */,
			);
			name = Reachability;
			sourceTree = "<group>";
		};
		30AED4DD17B1DC2D004AC567 /* Images */ = {
			isa = PBXGroup;
			children = (
				305A0FB317B8DD3E00F5CC8D /* WebsiteButton.png */,
				305A0FB117B8C59900F5CC8D /* FBLogo.png */,
				30458BEE17B3D11D005CDBAA /* CellBackgroundMainClick.png */,
				300B038617AE6680007FF7EE /* Default.png */,
				300B038817AE6680007FF7EE /* Default@2x.png */,
				300B038A17AE6680007FF7EE /* Default-568h@2x.png */,
				30AED4D517B1DC29004AC567 /* CellBackgroundMain.png */,
				30AED4D617B1DC29004AC567 /* CellBackgroundSel.png */,
				30AED4D717B1DC29004AC567 /* CellBackgroundSelClick.png */,
				30AED4D817B1DC29004AC567 /* placeholder.png */,
			);
			name = Images;
			sourceTree = "<group>";
		};
		30AED4DE17B1DC41004AC567 /* Custom Subclasses */ = {
			isa = PBXGroup;
			children = (
				300B03A417AE679C007FF7EE /* CustomCollectionCell.h */,
				300B03A517AE679C007FF7EE /* CustomCollectionCell.m */,
				30229F9017B0A95F00D62060 /* CustomTableCell.h */,
				30229F9117B0A95F00D62060 /* CustomTableCell.m */,
			);
			name = "Custom Subclasses";
			sourceTree = "<group>";
		};
		30EAC7C217B71F9C009496F1 /* FTUtils */ = {
			isa = PBXGroup;
			children = (
				30B458E318565848006987C2 /* FTAnimation.h */,
				30B458E418565848006987C2 /* FTAnimation+UIView.h */,
				30B458E518565848006987C2 /* FTAnimationManager.h */,
				30B458E618565848006987C2 /* FTUtils.h */,
				30B458E718565848006987C2 /* FTUtils+NSObject.h */,
				30B458E818565848006987C2 /* FTUtils+UIGestureRecognizer.h */,
				30B458DB18565837006987C2 /* FTAnimation+UIView.m */,
				30B458DC18565837006987C2 /* FTAnimationManager.m */,
				30B458DD18565837006987C2 /* FTUtils+NSObject.m */,
				30B458DE18565837006987C2 /* FTUtils+UIGestureRecognizer.m */,
			);
			name = FTUtils;
			path = ../../../ftutils/Headers/FTUtils;
			sourceTree = "<group>";
		};
/* End PBXGroup section */

/* Begin PBXNativeTarget section */
		300B037017AE6680007FF7EE /* AC Photo */ = {
			isa = PBXNativeTarget;
			buildConfigurationList = 300B039717AE6680007FF7EE /* Build configuration list for PBXNativeTarget "AC Photo" */;
			buildPhases = (
				300B036D17AE6680007FF7EE /* Sources */,
				300B036E17AE6680007FF7EE /* Frameworks */,
				300B036F17AE6680007FF7EE /* Resources */,
			);
			buildRules = (
			);
			dependencies = (
			);
			name = "AC Photo";
			productName = "AC Photo";
			productReference = 300B037117AE6680007FF7EE /* AC Photo.app */;
			productType = "com.apple.product-type.application";
		};
/* End PBXNativeTarget section */

/* Begin PBXProject section */
		300B036917AE6680007FF7EE /* Project object */ = {
			isa = PBXProject;
			attributes = {
				LastUpgradeCheck = 0460;
				ORGANIZATIONNAME = test;
			};
			buildConfigurationList = 300B036C17AE6680007FF7EE /* Build configuration list for PBXProject "AC Photo" */;
			compatibilityVersion = "Xcode 3.2";
			developmentRegion = English;
			hasScannedForEncodings = 0;
			knownRegions = (
				en,
			);
			mainGroup = 300B036817AE6680007FF7EE;
			productRefGroup = 300B037217AE6680007FF7EE /* Products */;
			projectDirPath = "";
			projectRoot = "";
			targets = (
				300B037017AE6680007FF7EE /* AC Photo */,
			);
		};
/* End PBXProject section */

/* Begin PBXResourcesBuildPhase section */
		300B036F17AE6680007FF7EE /* Resources */ = {
			isa = PBXResourcesBuildPhase;
			buildActionMask = 2147483647;
			files = (
				300B037F17AE6680007FF7EE /* InfoPlist.strings in Resources */,
				300B038717AE6680007FF7EE /* Default.png in Resources */,
				300B038917AE6680007FF7EE /* Default@2x.png in Resources */,
				300B038B17AE6680007FF7EE /* Default-568h@2x.png in Resources */,
				30AED4D917B1DC29004AC567 /* CellBackgroundMain.png in Resources */,
				30AED4DA17B1DC29004AC567 /* CellBackgroundSel.png in Resources */,
				30AED4DB17B1DC29004AC567 /* CellBackgroundSelClick.png in Resources */,
				30AED4DC17B1DC29004AC567 /* placeholder.png in Resources */,
				30C9A1BE17B2DFC500FD34A6 /* MWPhotoBrowser.bundle in Resources */,
				30458BEF17B3D11D005CDBAA /* CellBackgroundMainClick.png in Resources */,
				305A0FB217B8C59900F5CC8D /* FBLogo.png in Resources */,
				305A0FB417B8DD3E00F5CC8D /* WebsiteButton.png in Resources */,
			);
			runOnlyForDeploymentPostprocessing = 0;
		};
/* End PBXResourcesBuildPhase section */

/* Begin PBXSourcesBuildPhase section */
		300B036D17AE6680007FF7EE /* Sources */ = {
			isa = PBXSourcesBuildPhase;
			buildActionMask = 2147483647;
			files = (
				300B038117AE6680007FF7EE /* main.m in Sources */,
				300B038517AE6680007FF7EE /* AppDelegate.m in Sources */,
				300B039C17AE66D0007FF7EE /* MainViewController.m in Sources */,
				30B458BF185657D7006987C2 /* SDWebImagePrefetcher.m in Sources */,
				30B458BE185657D7006987C2 /* SDWebImageManager.m in Sources */,
				30B458DF18565837006987C2 /* FTAnimation+UIView.m in Sources */,
				300B03A317AE675A007FF7EE /* ThumbNailViewController.m in Sources */,
				30B458E118565837006987C2 /* FTUtils+NSObject.m in Sources */,
				30B458BB185657D7006987C2 /* SDImageCache.m in Sources */,
				300B03A617AE679C007FF7EE /* CustomCollectionCell.m in Sources */,
				30229F9217B0A95F00D62060 /* CustomTableCell.m in Sources */,
				30229F9517B0B2A500D62060 /* Utils.m in Sources */,
				30B458C1185657D7006987C2 /* UIImageView+WebCache.m in Sources */,
				30B458D618565806006987C2 /* MWTapDetectingView.m in Sources */,
				30B458D518565806006987C2 /* MWTapDetectingImageView.m in Sources */,
				30B458C4185657F6006987C2 /* MBProgressHUD.m in Sources */,
				30B458E218565837006987C2 /* FTUtils+UIGestureRecognizer.m in Sources */,
				30B458D318565806006987C2 /* MWPhoto.m in Sources */,
				30B458BD185657D7006987C2 /* SDWebImageDownloader.m in Sources */,
				30B458BC185657D7006987C2 /* SDWebImageDecoder.m in Sources */,
				30B458D218565806006987C2 /* MWCaptionView.m in Sources */,
				30B458D718565806006987C2 /* MWZoomingScrollView.m in Sources */,
				30B458C0185657D7006987C2 /* UIButton+WebCache.m in Sources */,
				30B458D418565806006987C2 /* MWPhotoBrowser.m in Sources */,
				30B458E018565837006987C2 /* FTAnimationManager.m in Sources */,
				30B458DA1856581A006987C2 /* Reachability.m in Sources */,
				305A0FB717B9089400F5CC8D /* SelectionViewController.m in Sources */,
			);
			runOnlyForDeploymentPostprocessing = 0;
		};
/* End PBXSourcesBuildPhase section */

/* Begin PBXVariantGroup section */
		300B037D17AE6680007FF7EE /* InfoPlist.strings */ = {
			isa = PBXVariantGroup;
			children = (
				300B037E17AE6680007FF7EE /* en */,
			);
			name = InfoPlist.strings;
			sourceTree = "<group>";
		};
/* End PBXVariantGroup section */

/* Begin XCBuildConfiguration section */
		300B039517AE6680007FF7EE /* Debug */ = {
			isa = XCBuildConfiguration;
			buildSettings = {
				ALWAYS_SEARCH_USER_PATHS = NO;
				CLANG_CXX_LANGUAGE_STANDARD = "gnu++0x";
				CLANG_CXX_LIBRARY = "libc++";
				CLANG_ENABLE_OBJC_ARC = YES;
				CLANG_WARN_CONSTANT_CONVERSION = YES;
				CLANG_WARN_EMPTY_BODY = YES;
				CLANG_WARN_ENUM_CONVERSION = YES;
				CLANG_WARN_INT_CONVERSION = YES;
				CLANG_WARN__DUPLICATE_METHOD_MATCH = YES;
				"CODE_SIGN_IDENTITY[sdk=iphoneos*]" = "iPhone Developer";
				COPY_PHASE_STRIP = NO;
				GCC_C_LANGUAGE_STANDARD = gnu99;
				GCC_DYNAMIC_NO_PIC = NO;
				GCC_OPTIMIZATION_LEVEL = 0;
				GCC_PREPROCESSOR_DEFINITIONS = (
					"DEBUG=1",
					"$(inherited)",
				);
				GCC_SYMBOLS_PRIVATE_EXTERN = NO;
				GCC_WARN_ABOUT_RETURN_TYPE = YES;
				GCC_WARN_UNINITIALIZED_AUTOS = YES;
				GCC_WARN_UNUSED_VARIABLE = YES;
				IPHONEOS_DEPLOYMENT_TARGET = 7.0;
				ONLY_ACTIVE_ARCH = YES;
				SDKROOT = iphoneos;
				TARGETED_DEVICE_FAMILY = "1,2";
			};
			name = Debug;
		};
		300B039617AE6680007FF7EE /* Release */ = {
			isa = XCBuildConfiguration;
			buildSettings = {
				ALWAYS_SEARCH_USER_PATHS = NO;
				CLANG_CXX_LANGUAGE_STANDARD = "gnu++0x";
				CLANG_CXX_LIBRARY = "libc++";
				CLANG_ENABLE_OBJC_ARC = YES;
				CLANG_WARN_CONSTANT_CONVERSION = YES;
				CLANG_WARN_EMPTY_BODY = YES;
				CLANG_WARN_ENUM_CONVERSION = YES;
				CLANG_WARN_INT_CONVERSION = YES;
				CLANG_WARN__DUPLICATE_METHOD_MATCH = YES;
				"CODE_SIGN_IDENTITY[sdk=iphoneos*]" = "iPhone Developer";
				COPY_PHASE_STRIP = YES;
				GCC_C_LANGUAGE_STANDARD = gnu99;
				GCC_WARN_ABOUT_RETURN_TYPE = YES;
				GCC_WARN_UNINITIALIZED_AUTOS = YES;
				GCC_WARN_UNUSED_VARIABLE = YES;
				IPHONEOS_DEPLOYMENT_TARGET = 7.0;
				OTHER_CFLAGS = "-DNS_BLOCK_ASSERTIONS=1";
				SDKROOT = iphoneos;
				TARGETED_DEVICE_FAMILY = "1,2";
				VALIDATE_PRODUCT = YES;
			};
			name = Release;
		};
		300B039817AE6680007FF7EE /* Debug */ = {
			isa = XCBuildConfiguration;
			buildSettings = {
				FRAMEWORK_SEARCH_PATHS = (
					"$(inherited)",
					"\"$(SRCROOT)/../..\"",
				);
				GCC_PRECOMPILE_PREFIX_HEADER = YES;
				GCC_PREFIX_HEADER = "AC Photo/AC Photo-Prefix.pch";
				INFOPLIST_FILE = "AC Photo/AC Photo-Info.plist";
				OTHER_LDFLAGS = "-ObjC";
				PRODUCT_NAME = "$(TARGET_NAME)";
				WRAPPER_EXTENSION = app;
			};
			name = Debug;
		};
		300B039917AE6680007FF7EE /* Release */ = {
			isa = XCBuildConfiguration;
			buildSettings = {
				FRAMEWORK_SEARCH_PATHS = (
					"$(inherited)",
					"\"$(SRCROOT)/../..\"",
				);
				GCC_PRECOMPILE_PREFIX_HEADER = YES;
				GCC_PREFIX_HEADER = "AC Photo/AC Photo-Prefix.pch";
				INFOPLIST_FILE = "AC Photo/AC Photo-Info.plist";
				OTHER_LDFLAGS = "-ObjC";
				PRODUCT_NAME = "$(TARGET_NAME)";
				WRAPPER_EXTENSION = app;
			};
			name = Release;
		};
/* End XCBuildConfiguration section */

/* Begin XCConfigurationList section */
		300B036C17AE6680007FF7EE /* Build configuration list for PBXProject "AC Photo" */ = {
			isa = XCConfigurationList;
			buildConfigurations = (
				300B039517AE6680007FF7EE /* Debug */,
				300B039617AE6680007FF7EE /* Release */,
			);
			defaultConfigurationIsVisible = 0;
			defaultConfigurationName = Release;
		};
		300B039717AE6680007FF7EE /* Build configuration list for PBXNativeTarget "AC Photo" */ = {
			isa = XCConfigurationList;
			buildConfigurations = (
				300B039817AE6680007FF7EE /* Debug */,
				300B039917AE6680007FF7EE /* Release */,
			);
			defaultConfigurationIsVisible = 0;
			defaultConfigurationName = Release;
		};
/* End XCConfigurationList section */
	};
	rootObject = 300B036917AE6680007FF7EE /* Project object */;
}
